
Microsoft Visual Studio Solution File, Format Version 12.00
# Visual Studio 15
VisualStudioVersion = 15.0.28307.902
MinimumVisualStudioVersion = 10.0.40219.1
Project("{FAE04EC0-301F-11D3-BF4B-00C04F79EFBC}") = "MVCAuthentication", "MVCAuthentication\MVCAuthentication.csproj", "{AA71D5D4-D1B3-4516-8C90-877D5E7FF894}"
EndProject
Project("{FAE04EC0-301F-11D3-BF4B-00C04F79EFBC}") = "FormAuthentication", "..\..\Authentications-in-ASP.NET-MVC - Backup\FormAuthentication\FormAuthentication\FormAuthentication.csproj", "{E946B9EC-6B7F-4C2D-B82C-449D2BCE57DF}"
EndProject
Project("{FAE04EC0-301F-11D3-BF4B-00C04F79EFBC}") = "Role Based Authentication", "..\..\Authentications-in-ASP.NET-MVC - Backup\Role Based Authentication\Role Based Authentication\Role Based Authentication.csproj", "{5F02E0D9-CB00-4D92-BDFA-9D34F9F39090}"
EndProject
Global
	GlobalSection(SolutionConfigurationPlatforms) = preSolution
		Debug|Any CPU = Debug|Any CPU
		Release|Any CPU = Release|Any CPU
	EndGlobalSection
	GlobalSection(ProjectConfigurationPlatforms) = postSolution
		{AA71D5D4-D1B3-4516-8C90-877D5E7FF894}.Debug|Any CPU.ActiveCfg = Debug|Any CPU
		{AA71D5D4-D1B3-4516-8C90-877D5E7FF894}.Debug|Any CPU.Build.0 = Debug|Any CPU
		{AA71D5D4-D1B3-4516-8C90-877D5E7FF894}.Release|Any CPU.ActiveCfg = Release|Any CPU
		{AA71D5D4-D1B3-4516-8C90-877D5E7FF894}.Release|Any CPU.Build.0 = Release|Any CPU
		{E946B9EC-6B7F-4C2D-B82C-449D2BCE57DF}.Debug|Any CPU.ActiveCfg = Debug|Any CPU
		{E946B9EC-6B7F-4C2D-B82C-449D2BCE57DF}.Debug|Any CPU.Build.0 = Debug|Any CPU
		{E946B9EC-6B7F-4C2D-B82C-449D2BCE57DF}.Release|Any CPU.ActiveCfg = Release|Any CPU
		{E946B9EC-6B7F-4C2D-B82C-449D2BCE57DF}.Release|Any CPU.Build.0 = Release|Any CPU
		{5F02E0D9-CB00-4D92-BDFA-9D34F9F39090}.Debug|Any CPU.ActiveCfg = Debug|Any CPU
		{5F02E0D9-CB00-4D92-BDFA-9D34F9F39090}.Debug|Any CPU.Build.0 = Debug|Any CPU
		{5F02E0D9-CB00-4D92-BDFA-9D34F9F39090}.Release|Any CPU.ActiveCfg = Release|Any CPU
		{5F02E0D9-CB00-4D92-BDFA-9D34F9F39090}.Release|Any CPU.Build.0 = Release|Any CPU
	EndGlobalSection
	GlobalSection(SolutionProperties) = preSolution
		HideSolutionNode = FALSE
	EndGlobalSection
	GlobalSection(ExtensibilityGlobals) = postSolution
		SolutionGuid = {400C6D2B-7997-440E-B92D-B3E7793958F9}
	EndGlobalSection
EndGlobal
